
Microsoft Visual Studio Solution File, Format Version 12.00
# Visual Studio 15
VisualStudioVersion = 15.0.27428.2005
MinimumVisualStudioVersion = 10.0.40219.1
Project("{FAE04EC0-301F-11D3-BF4B-00C04F79EFBC}") = "Speaker", "Speaker\Speaker.csproj", "{DC40E1FB-0515-490C-8501-FFD453DE3FA8}"
EndProject
Global
	GlobalSection(SolutionConfigurationPlatforms) = preSolution
		Debug|Any CPU = Debug|Any CPU
		Release|Any CPU = Release|Any CPU
	EndGlobalSection
	GlobalSection(ProjectConfigurationPlatforms) = postSolution
		{DC40E1FB-0515-490C-8501-FFD453DE3FA8}.Debug|Any CPU.ActiveCfg = Debug|Any CPU
		{DC40E1FB-0515-490C-8501-FFD453DE3FA8}.Debug|Any CPU.Build.0 = Debug|Any CPU
		{DC40E1FB-0515-490C-8501-FFD453DE3FA8}.Release|Any CPU.ActiveCfg = Release|Any CPU
		{DC40E1FB-0515-490C-8501-FFD453DE3FA8}.Release|Any CPU.Build.0 = Release|Any CPU
	EndGlobalSection
	GlobalSection(SolutionProperties) = preSolution
		HideSolutionNode = FALSE
	EndGlobalSection
	GlobalSection(ExtensibilityGlobals) = postSolution
		SolutionGuid = {C6BF94D6-023E-4A52-9181-AB5A22A0299F}
	EndGlobalSection
EndGlobal
